
Microsoft Visual Studio Solution File, Format Version 12.00
# Visual Studio Version 16
VisualStudioVersion = 16.0.30320.27
MinimumVisualStudioVersion = 10.0.40219.1
Project("{FAE04EC0-301F-11D3-BF4B-00C04F79EFBC}") = "Media Mover", "Media Mover.csproj", "{9DEBC7BE-E0CE-4E5B-B3C0-CB80481F3AB1}"
EndProject
Project("{54435603-DBB4-11D2-8724-00A0C9A8B90C}") = "SetupMover", "..\SetupMover\SetupMover.vdproj", "{556586DC-142F-4818-8017-D13AA2560790}"
EndProject
Global
	GlobalSection(SolutionConfigurationPlatforms) = preSolution
		Debug|Any CPU = Debug|Any CPU
		Release|Any CPU = Release|Any CPU
	EndGlobalSection
	GlobalSection(ProjectConfigurationPlatforms) = postSolution
		{9DEBC7BE-E0CE-4E5B-B3C0-CB80481F3AB1}.Debug|Any CPU.ActiveCfg = Debug|Any CPU
		{9DEBC7BE-E0CE-4E5B-B3C0-CB80481F3AB1}.Debug|Any CPU.Build.0 = Debug|Any CPU
		{9DEBC7BE-E0CE-4E5B-B3C0-CB80481F3AB1}.Release|Any CPU.ActiveCfg = Release|Any CPU
		{9DEBC7BE-E0CE-4E5B-B3C0-CB80481F3AB1}.Release|Any CPU.Build.0 = Release|Any CPU
		{556586DC-142F-4818-8017-D13AA2560790}.Debug|Any CPU.ActiveCfg = Debug
		{556586DC-142F-4818-8017-D13AA2560790}.Release|Any CPU.ActiveCfg = Release
	EndGlobalSection
	GlobalSection(SolutionProperties) = preSolution
		HideSolutionNode = FALSE
	EndGlobalSection
	GlobalSection(ExtensibilityGlobals) = postSolution
		SolutionGuid = {7623CB44-FC76-4726-A13E-BC1F33FBBFF9}
	EndGlobalSection
EndGlobal
